
Microsoft Visual Studio Solution File, Format Version 12.00
# Visual Studio Version 16
VisualStudioVersion = 16.0.30320.27
MinimumVisualStudioVersion = 10.0.40219.1
Project("{9A19103F-16F7-4668-BE54-9A1E7A4F7556}") = "WebApiWithReact", "WebApiWithReact\WebApiWithReact.csproj", "{8A2C263B-56C4-45FB-A696-47C4CCAE96D3}"
EndProject
Project("{FAE04EC0-301F-11D3-BF4B-00C04F79EFBC}") = "react_pro", "react_pro\react_pro.csproj", "{1EA977D0-A116-44F0-94FE-DB8A266A5430}"
EndProject
Global
	GlobalSection(SolutionConfigurationPlatforms) = preSolution
		Debug|Any CPU = Debug|Any CPU
		Release|Any CPU = Release|Any CPU
	EndGlobalSection
	GlobalSection(ProjectConfigurationPlatforms) = postSolution
		{8A2C263B-56C4-45FB-A696-47C4CCAE96D3}.Debug|Any CPU.ActiveCfg = Debug|Any CPU
		{8A2C263B-56C4-45FB-A696-47C4CCAE96D3}.Debug|Any CPU.Build.0 = Debug|Any CPU
		{8A2C263B-56C4-45FB-A696-47C4CCAE96D3}.Release|Any CPU.ActiveCfg = Release|Any CPU
		{8A2C263B-56C4-45FB-A696-47C4CCAE96D3}.Release|Any CPU.Build.0 = Release|Any CPU
		{1EA977D0-A116-44F0-94FE-DB8A266A5430}.Debug|Any CPU.ActiveCfg = Debug|Any CPU
		{1EA977D0-A116-44F0-94FE-DB8A266A5430}.Debug|Any CPU.Build.0 = Debug|Any CPU
		{1EA977D0-A116-44F0-94FE-DB8A266A5430}.Release|Any CPU.ActiveCfg = Release|Any CPU
		{1EA977D0-A116-44F0-94FE-DB8A266A5430}.Release|Any CPU.Build.0 = Release|Any CPU
	EndGlobalSection
	GlobalSection(SolutionProperties) = preSolution
		HideSolutionNode = FALSE
	EndGlobalSection
	GlobalSection(ExtensibilityGlobals) = postSolution
		SolutionGuid = {069CD028-BA52-4139-A25D-E715378132DA}
	EndGlobalSection
EndGlobal
